<?xml version="1.0" encoding="utf-8"?>
<Project ToolsVersion="4.0" xmlns="http://schemas.microsoft.com/developer/msbuild/2003">
  <ItemGroup>
    <Filter Include="Исходные файлы">
      <UniqueIdentifier>{4FC737F1-C7A5-4376-A066-2A32D752A2FF}</UniqueIdentifier>
      <Extensions>cpp;c;cc;cxx;c++;cppm;ixx;def;odl;idl;hpj;bat;asm;asmx</Extensions>
    </Filter>
    <Filter Include="Файлы заголовков">
      <UniqueIdentifier>{93995380-89BD-4b04-88EB-625FBE52EBFB}</UniqueIdentifier>
      <Extensions>h;hh;hpp;hxx;h++;hm;inl;inc;ipp;xsd</Extensions>
    </Filter>
    <Filter Include="Файлы ресурсов">
      <UniqueIdentifier>{67DA6AB6-F800-4c08-8B7A-83BB121AAD01}</UniqueIdentifier>
      <Extensions>rc;ico;cur;bmp;dlg;rc2;rct;bin;rgs;gif;jpg;jpeg;jpe;resx;tiff;tif;png;wav;mfcribbon-ms</Extensions>
    </Filter>
  </ItemGroup>
  <ItemGroup>
    <ClCompile Include="main.cpp">
      <Filter>Исходные файлы</Filter>
    </ClCompile>
    <ClCompile Include="src\additionally\AdditionalFunc.cpp">
      <Filter>Исходные файлы</Filter>
    </ClCompile>
    <ClCompile Include="src\element\Element.cpp">
      <Filter>Исходные файлы</Filter>
    </ClCompile>
    <ClCompile Include="src\element\ElementCreator.cpp">
      <Filter>Исходные файлы</Filter>
    </ClCompile>
    <ClCompile Include="src\element\ReplaceableElement.cpp">
      <Filter>Исходные файлы</Filter>
    </ClCompile>
    <ClCompile Include="src\game\construction\MapCreation\GameFieldCreator.cpp">
      <Filter>Исходные файлы</Filter>
    </ClCompile>
    <ClCompile Include="src\game\construction\MapCreation\LocationInfo.cpp">
      <Filter>Исходные файлы</Filter>
    </ClCompile>
    <ClCompile Include="src\game\construction\MapCreation\LocationTransformation.cpp">
      <Filter>Исходные файлы</Filter>
    </ClCompile>
    <ClCompile Include="src\game\construction\MapCreation\RoomSizeManager.cpp">
      <Filter>Исходные файлы</Filter>
    </ClCompile>
    <ClCompile Include="src\game\construction\MapCreation\RoomTypeGenerator.cpp">
      <Filter>Исходные файлы</Filter>
    </ClCompile>
    <ClCompile Include="src\game\construction\BackgroundCreator.cpp">
      <Filter>Исходные файлы</Filter>
    </ClCompile>
    <ClCompile Include="src\game\construction\BoundaryCreator.cpp">
      <Filter>Исходные файлы</Filter>
    </ClCompile>
    <ClCompile Include="src\game\construction\DoorOpening.cpp">
      <Filter>Исходные файлы</Filter>
    </ClCompile>
    <ClCompile Include="src\game\construction\Location.cpp">
      <Filter>Исходные файлы</Filter>
    </ClCompile>
    <ClCompile Include="src\game\construction\RoomCreator.cpp">
      <Filter>Исходные файлы</Filter>
    </ClCompile>
    <ClCompile Include="src\game\entity\bullet\Bullet.cpp">
      <Filter>Исходные файлы</Filter>
    </ClCompile>
    <ClCompile Include="src\game\entity\player\gun\Gun.cpp">
      <Filter>Исходные файлы</Filter>
    </ClCompile>
    <ClCompile Include="src\game\entity\player\wraith\Wraith.cpp">
      <Filter>Исходные файлы</Filter>
    </ClCompile>
    <ClCompile Include="src\game\entity\player\Player.cpp">
      <Filter>Исходные файлы</Filter>
    </ClCompile>
    <ClCompile Include="src\game\entity\Entity.cpp">
      <Filter>Исходные файлы</Filter>
    </ClCompile>
    <ClCompile Include="src\game\entity\EntityCreator.cpp">
      <Filter>Исходные файлы</Filter>
    </ClCompile>
    <ClCompile Include="src\game\executors\BulletExecutor.cpp">
      <Filter>Исходные файлы</Filter>
    </ClCompile>
    <ClCompile Include="src\game\executors\PlayerExecutor.cpp">
      <Filter>Исходные файлы</Filter>
    </ClCompile>
    <ClCompile Include="src\game\identifiable\ElementIdTracker.cpp">
      <Filter>Исходные файлы</Filter>
    </ClCompile>
    <ClCompile Include="src\game\identifiable\Identifiable.cpp">
      <Filter>Исходные файлы</Filter>
    </ClCompile>
    <ClCompile Include="src\game\input\FullscreenToggler.cpp">
      <Filter>Исходные файлы</Filter>
    </ClCompile>
    <ClCompile Include="src\game\input\HotkeyManager.cpp">
      <Filter>Исходные файлы</Filter>
    </ClCompile>
    <ClCompile Include="src\game\input\KeyHandler.cpp">
      <Filter>Исходные файлы</Filter>
    </ClCompile>
    <ClCompile Include="src\game\managers\EventManager.cpp">
      <Filter>Исходные файлы</Filter>
    </ClCompile>
    <ClCompile Include="src\game\processors\game loop\GameLoop.cpp">
      <Filter>Исходные файлы</Filter>
    </ClCompile>
    <ClCompile Include="src\game\processors\game loop\GameLoopState.cpp">
      <Filter>Исходные файлы</Filter>
    </ClCompile>
    <ClCompile Include="src\game\processors\GameUpdater.cpp">
      <Filter>Исходные файлы</Filter>
    </ClCompile>
    <ClCompile Include="src\game\processors\Render.cpp">
      <Filter>Исходные файлы</Filter>
    </ClCompile>
    <ClCompile Include="src\game\processors\SpriteDrawer.cpp">
      <Filter>Исходные файлы</Filter>
    </ClCompile>
    <ClCompile Include="src\game\GameField.cpp">
      <Filter>Исходные файлы</Filter>
    </ClCompile>
    <ClCompile Include="src\game\GameMaster.cpp">
      <Filter>Исходные файлы</Filter>
    </ClCompile>
    <ClCompile Include="src\game\WindowParam.cpp">
      <Filter>Исходные файлы</Filter>
    </ClCompile>
    <ClCompile Include="src\geometry\collision\Axis.cpp">
      <Filter>Исходные файлы</Filter>
    </ClCompile>
    <ClCompile Include="src\geometry\collision\CollisionDetection.cpp">
      <Filter>Исходные файлы</Filter>
    </ClCompile>
    <ClCompile Include="src\geometry\collision\CollisionManager.cpp">
      <Filter>Исходные файлы</Filter>
    </ClCompile>
    <ClCompile Include="src\geometry\collision\CollisionResolution.cpp">
      <Filter>Исходные файлы</Filter>
    </ClCompile>
    <ClCompile Include="src\geometry\collision\CollisionTable.cpp">
      <Filter>Исходные файлы</Filter>
    </ClCompile>
    <ClCompile Include="src\geometry\GeomAuxiliaryFunc.cpp">
      <Filter>Исходные файлы</Filter>
    </ClCompile>
    <ClCompile Include="src\geometry\Trigonometry.cpp">
      <Filter>Исходные файлы</Filter>
    </ClCompile>
    <ClCompile Include="src\geometry\Vector2Rotation.cpp">
      <Filter>Исходные файлы</Filter>
    </ClCompile>
    <ClCompile Include="src\model\polygon\Polygon.cpp">
      <Filter>Исходные файлы</Filter>
    </ClCompile>
    <ClCompile Include="src\model\polygon\Rectangle.cpp">
      <Filter>Исходные файлы</Filter>
    </ClCompile>
    <ClCompile Include="src\Quadtree\QTAuxiliaryTools.cpp">
      <Filter>Исходные файлы</Filter>
    </ClCompile>
    <ClCompile Include="src\sprite\AnimatedSprite.cpp">
      <Filter>Исходные файлы</Filter>
    </ClCompile>
    <ClCompile Include="src\sprite\SimpleSprite.cpp">
      <Filter>Исходные файлы</Filter>
    </ClCompile>
    <ClCompile Include="src\sprite\SpriteInfo.cpp">
      <Filter>Исходные файлы</Filter>
    </ClCompile>
    <ClCompile Include="src\game\entity\player\Control.cpp">
      <Filter>Исходные файлы</Filter>
    </ClCompile>
    <ClCompile Include="src\game\executors\SpriteStateExecutor.cpp">
      <Filter>Исходные файлы</Filter>
    </ClCompile>
  </ItemGroup>
  <ItemGroup>
    <None Include="sfml-window-d-2.dll" />
    <None Include="sfml-window-2.dll" />
    <None Include="sfml-system-d-2.dll" />
    <None Include="sfml-system-2.dll" />
    <None Include="sfml-network-d-2.dll" />
    <None Include="sfml-network-2.dll" />
    <None Include="sfml-graphics-d-2.dll" />
    <None Include="sfml-graphics-2.dll" />
    <None Include="sfml-audio-d-2.dll" />
    <None Include="sfml-audio-2.dll" />
    <None Include="openal32.dll" />
  </ItemGroup>
  <ItemGroup>
    <ClInclude Include="src\game\construction\MapCreation\PositionalMap.hpp">
      <Filter>Файлы заголовков</Filter>
    </ClInclude>
    <ClInclude Include="src\Quadtree\Quadtree.hpp">
      <Filter>Файлы заголовков</Filter>
    </ClInclude>
    <ClInclude Include="src\Quadtree\QuadtreeNode.hpp">
      <Filter>Файлы заголовков</Filter>
    </ClInclude>
    <ClInclude Include="include\additionally\AdditionalFunc.hpp">
      <Filter>Файлы заголовков</Filter>
    </ClInclude>
    <ClInclude Include="include\element\Element.hpp">
      <Filter>Файлы заголовков</Filter>
    </ClInclude>
    <ClInclude Include="include\element\ElementCreator.hpp">
      <Filter>Файлы заголовков</Filter>
    </ClInclude>
    <ClInclude Include="include\element\ElementData.hpp">
      <Filter>Файлы заголовков</Filter>
    </ClInclude>
    <ClInclude Include="include\element\ElementType.hpp">
      <Filter>Файлы заголовков</Filter>
    </ClInclude>
    <ClInclude Include="include\element\ReplaceableElement.hpp">
      <Filter>Файлы заголовков</Filter>
    </ClInclude>
    <ClInclude Include="include\element\TransformParams.hpp">
      <Filter>Файлы заголовков</Filter>
    </ClInclude>
    <ClInclude Include="include\game\construction\MapCreation\DirectionGenerator.hpp">
      <Filter>Файлы заголовков</Filter>
    </ClInclude>
    <ClInclude Include="include\game\construction\MapCreation\GameFieldCreator.hpp">
      <Filter>Файлы заголовков</Filter>
    </ClInclude>
    <ClInclude Include="include\game\construction\MapCreation\LocationInfo.hpp">
      <Filter>Файлы заголовков</Filter>
    </ClInclude>
    <ClInclude Include="include\game\construction\MapCreation\LocationTransformation.hpp">
      <Filter>Файлы заголовков</Filter>
    </ClInclude>
    <ClInclude Include="include\game\construction\MapCreation\MinMaxPoint.hpp">
      <Filter>Файлы заголовков</Filter>
    </ClInclude>
    <ClInclude Include="include\game\construction\MapCreation\PositionalMap.hpp">
      <Filter>Файлы заголовков</Filter>
    </ClInclude>
    <ClInclude Include="include\game\construction\MapCreation\RoomSizeManager.hpp">
      <Filter>Файлы заголовков</Filter>
    </ClInclude>
    <ClInclude Include="include\game\construction\MapCreation\RoomType.hpp">
      <Filter>Файлы заголовков</Filter>
    </ClInclude>
    <ClInclude Include="include\game\construction\MapCreation\RoomTypeGenerator.hpp">
      <Filter>Файлы заголовков</Filter>
    </ClInclude>
    <ClInclude Include="include\game\construction\BackgroundCreator.hpp">
      <Filter>Файлы заголовков</Filter>
    </ClInclude>
    <ClInclude Include="include\game\construction\BoundaryCreator.hpp">
      <Filter>Файлы заголовков</Filter>
    </ClInclude>
    <ClInclude Include="include\game\construction\BuildingData.hpp">
      <Filter>Файлы заголовков</Filter>
    </ClInclude>
    <ClInclude Include="include\game\construction\DoorOpening.hpp">
      <Filter>Файлы заголовков</Filter>
    </ClInclude>
    <ClInclude Include="include\game\construction\Location.hpp">
      <Filter>Файлы заголовков</Filter>
    </ClInclude>
    <ClInclude Include="include\game\construction\LocationCreator.hpp">
      <Filter>Файлы заголовков</Filter>
    </ClInclude>
    <ClInclude Include="include\game\construction\RoomCreator.hpp">
      <Filter>Файлы заголовков</Filter>
    </ClInclude>
    <ClInclude Include="include\game\entity\bullet\Bullet.hpp">
      <Filter>Файлы заголовков</Filter>
    </ClInclude>
    <ClInclude Include="include\game\entity\bullet\BulletInfo.hpp">
      <Filter>Файлы заголовков</Filter>
    </ClInclude>
    <ClInclude Include="include\game\entity\player\gun\Gun.hpp">
      <Filter>Файлы заголовков</Filter>
    </ClInclude>
    <ClInclude Include="include\game\entity\player\gun\GunInfo.hpp">
      <Filter>Файлы заголовков</Filter>
    </ClInclude>
    <ClInclude Include="include\game\entity\player\gun\LaunchData.hpp">
      <Filter>Файлы заголовков</Filter>
    </ClInclude>
    <ClInclude Include="include\game\entity\player\wraith\Wraith.hpp">
      <Filter>Файлы заголовков</Filter>
    </ClInclude>
    <ClInclude Include="include\game\entity\player\wraith\WraithStats.hpp">
      <Filter>Файлы заголовков</Filter>
    </ClInclude>
    <ClInclude Include="include\game\entity\player\Control.hpp">
      <Filter>Файлы заголовков</Filter>
    </ClInclude>
    <ClInclude Include="include\game\entity\player\Player.hpp">
      <Filter>Файлы заголовков</Filter>
    </ClInclude>
    <ClInclude Include="include\game\entity\Entity.hpp">
      <Filter>Файлы заголовков</Filter>
    </ClInclude>
    <ClInclude Include="include\game\entity\EntityCreator.hpp">
      <Filter>Файлы заголовков</Filter>
    </ClInclude>
    <ClInclude Include="include\game\entity\EntityInfo.hpp">
      <Filter>Файлы заголовков</Filter>
    </ClInclude>
    <ClInclude Include="include\game\entity\InfoTables.hpp">
      <Filter>Файлы заголовков</Filter>
    </ClInclude>
    <ClInclude Include="include\game\executors\BulletExecutor.hpp">
      <Filter>Файлы заголовков</Filter>
    </ClInclude>
    <ClInclude Include="include\game\executors\Executor.hpp">
      <Filter>Файлы заголовков</Filter>
    </ClInclude>
    <ClInclude Include="include\game\executors\PlayerExecutor.hpp">
      <Filter>Файлы заголовков</Filter>
    </ClInclude>
    <ClInclude Include="include\game\identifiable\ElementIdTracker.hpp">
      <Filter>Файлы заголовков</Filter>
    </ClInclude>
    <ClInclude Include="include\game\identifiable\Identifiable.hpp">
      <Filter>Файлы заголовков</Filter>
    </ClInclude>
    <ClInclude Include="include\game\identifiable\LocationIdTracker.hpp">
      <Filter>Файлы заголовков</Filter>
    </ClInclude>
    <ClInclude Include="include\game\input\FullscreenToggler.hpp">
      <Filter>Файлы заголовков</Filter>
    </ClInclude>
    <ClInclude Include="include\game\input\HotkeyManager.hpp">
      <Filter>Файлы заголовков</Filter>
    </ClInclude>
    <ClInclude Include="include\game\input\KeyHandler.hpp">
      <Filter>Файлы заголовков</Filter>
    </ClInclude>
    <ClInclude Include="include\game\managers\EventManager.hpp">
      <Filter>Файлы заголовков</Filter>
    </ClInclude>
    <ClInclude Include="include\game\processors\game loop\GameLoop.hpp">
      <Filter>Файлы заголовков</Filter>
    </ClInclude>
    <ClInclude Include="include\game\processors\game loop\GameLoopState.hpp">
      <Filter>Файлы заголовков</Filter>
    </ClInclude>
    <ClInclude Include="include\game\processors\GameUpdater.hpp">
      <Filter>Файлы заголовков</Filter>
    </ClInclude>
    <ClInclude Include="include\game\processors\Render.hpp">
      <Filter>Файлы заголовков</Filter>
    </ClInclude>
    <ClInclude Include="include\game\processors\SpriteDrawer.hpp">
      <Filter>Файлы заголовков</Filter>
    </ClInclude>
    <ClInclude Include="include\game\GameData.hpp">
      <Filter>Файлы заголовков</Filter>
    </ClInclude>
    <ClInclude Include="include\game\GameField.hpp">
      <Filter>Файлы заголовков</Filter>
    </ClInclude>
    <ClInclude Include="include\game\GameMaster.hpp">
      <Filter>Файлы заголовков</Filter>
    </ClInclude>
    <ClInclude Include="include\game\WindowParam.hpp">
      <Filter>Файлы заголовков</Filter>
    </ClInclude>
    <ClInclude Include="include\geometry\collision\Axis.hpp">
      <Filter>Файлы заголовков</Filter>
    </ClInclude>
    <ClInclude Include="include\geometry\collision\ColisAuxiliaryTools.hpp">
      <Filter>Файлы заголовков</Filter>
    </ClInclude>
    <ClInclude Include="include\geometry\collision\CollisionDetection.hpp">
      <Filter>Файлы заголовков</Filter>
    </ClInclude>
    <ClInclude Include="include\geometry\collision\CollisionManager.hpp">
      <Filter>Файлы заголовков</Filter>
    </ClInclude>
    <ClInclude Include="include\geometry\collision\CollisionResolution.hpp">
      <Filter>Файлы заголовков</Filter>
    </ClInclude>
    <ClInclude Include="include\geometry\collision\CollisionResult.hpp">
      <Filter>Файлы заголовков</Filter>
    </ClInclude>
    <ClInclude Include="include\geometry\collision\CollisionTable.hpp">
      <Filter>Файлы заголовков</Filter>
    </ClInclude>
    <ClInclude Include="include\geometry\collision\ElementCollisionSet.hpp">
      <Filter>Файлы заголовков</Filter>
    </ClInclude>
    <ClInclude Include="include\geometry\GeomAuxiliaryFunc.hpp">
      <Filter>Файлы заголовков</Filter>
    </ClInclude>
    <ClInclude Include="include\geometry\Trigonometry.hpp">
      <Filter>Файлы заголовков</Filter>
    </ClInclude>
    <ClInclude Include="include\geometry\Vector2Rotation.hpp">
      <Filter>Файлы заголовков</Filter>
    </ClInclude>
    <ClInclude Include="include\model\polygon\Polygon.hpp">
      <Filter>Файлы заголовков</Filter>
    </ClInclude>
    <ClInclude Include="include\model\polygon\Rectangle.hpp">
      <Filter>Файлы заголовков</Filter>
    </ClInclude>
    <ClInclude Include="include\model\polygon\RectangleData.hpp">
      <Filter>Файлы заголовков</Filter>
    </ClInclude>
    <ClInclude Include="include\Quadtree\QuadtreeTypeDefs\QuadtreeEl.hpp">
      <Filter>Файлы заголовков</Filter>
    </ClInclude>
    <ClInclude Include="include\Quadtree\QuadtreeTypeDefs\QuadtreeLoc.hpp">
      <Filter>Файлы заголовков</Filter>
    </ClInclude>
    <ClInclude Include="include\Quadtree\QTAuxiliaryTools.hpp">
      <Filter>Файлы заголовков</Filter>
    </ClInclude>
    <ClInclude Include="include\Quadtree\Quadtree.hpp">
      <Filter>Файлы заголовков</Filter>
    </ClInclude>
    <ClInclude Include="include\Quadtree\QuadtreeNode.hpp">
      <Filter>Файлы заголовков</Filter>
    </ClInclude>
    <ClInclude Include="include\sprite\AnimatedSprite.hpp">
      <Filter>Файлы заголовков</Filter>
    </ClInclude>
    <ClInclude Include="include\sprite\SimpleSprite.hpp">
      <Filter>Файлы заголовков</Filter>
    </ClInclude>
    <ClInclude Include="include\sprite\SpriteInfo.hpp">
      <Filter>Файлы заголовков</Filter>
    </ClInclude>
    <ClInclude Include="include\game\entity\bullet\BulletMap.hpp">
      <Filter>Файлы заголовков</Filter>
    </ClInclude>
    <ClInclude Include="include\game\entity\EntityMap.hpp">
      <Filter>Файлы заголовков</Filter>
    </ClInclude>
    <ClInclude Include="include\game\entity\EntityMaps.hpp">
      <Filter>Файлы заголовков</Filter>
    </ClInclude>
    <ClInclude Include="include\game\entity\player\PlayerMap.hpp">
      <Filter>Файлы заголовков</Filter>
    </ClInclude>
    <ClInclude Include="include\game\executors\SpriteStateExecutor.hpp">
      <Filter>Файлы заголовков</Filter>
    </ClInclude>
  </ItemGroup>
  <ItemGroup>
    <Image Include="img\wraiths\Wraith_0.png">
      <Filter>Файлы ресурсов</Filter>
    </Image>
    <Image Include="img\guns\Gun_0.png">
      <Filter>Файлы ресурсов</Filter>
    </Image>
    <Image Include="img\guns\Gun_15.png">
      <Filter>Файлы ресурсов</Filter>
    </Image>
    <Image Include="img\guns\Gun_14.png">
      <Filter>Файлы ресурсов</Filter>
    </Image>
    <Image Include="img\guns\Gun_13.png">
      <Filter>Файлы ресурсов</Filter>
    </Image>
    <Image Include="img\guns\Gun_12.png">
      <Filter>Файлы ресурсов</Filter>
    </Image>
    <Image Include="img\guns\Gun_11.png">
      <Filter>Файлы ресурсов</Filter>
    </Image>
    <Image Include="img\guns\Gun_10.png">
      <Filter>Файлы ресурсов</Filter>
    </Image>
    <Image Include="img\guns\Gun_9.png">
      <Filter>Файлы ресурсов</Filter>
    </Image>
    <Image Include="img\guns\Gun_8.png">
      <Filter>Файлы ресурсов</Filter>
    </Image>
    <Image Include="img\guns\Gun_7.png">
      <Filter>Файлы ресурсов</Filter>
    </Image>
    <Image Include="img\guns\Gun_6.png">
      <Filter>Файлы ресурсов</Filter>
    </Image>
    <Image Include="img\guns\Gun_5.png">
      <Filter>Файлы ресурсов</Filter>
    </Image>
    <Image Include="img\guns\Gun_4.png">
      <Filter>Файлы ресурсов</Filter>
    </Image>
    <Image Include="img\guns\Gun_3.png">
      <Filter>Файлы ресурсов</Filter>
    </Image>
    <Image Include="img\guns\Gun_2.png">
      <Filter>Файлы ресурсов</Filter>
    </Image>
    <Image Include="img\guns\Gun_1.png">
      <Filter>Файлы ресурсов</Filter>
    </Image>
    <Image Include="img\wraiths\Wraith_walking_0.png">
      <Filter>Файлы ресурсов</Filter>
    </Image>
    <Image Include="img\blocks\Block_3.png">
      <Filter>Файлы ресурсов</Filter>
    </Image>
    <Image Include="img\blocks\Block_2.png">
      <Filter>Файлы ресурсов</Filter>
    </Image>
    <Image Include="img\blocks\Block_01.png">
      <Filter>Файлы ресурсов</Filter>
    </Image>
    <Image Include="img\blocks\Block_0.png">
      <Filter>Файлы ресурсов</Filter>
    </Image>
    <Image Include="img\Icon.png">
      <Filter>Файлы ресурсов</Filter>
    </Image>
    <Image Include="img\blocks\Block_9.png">
      <Filter>Файлы ресурсов</Filter>
    </Image>
    <Image Include="img\blocks\Block_8.png">
      <Filter>Файлы ресурсов</Filter>
    </Image>
    <Image Include="img\blocks\Block_7.png">
      <Filter>Файлы ресурсов</Filter>
    </Image>
    <Image Include="img\blocks\Block_6.png">
      <Filter>Файлы ресурсов</Filter>
    </Image>
    <Image Include="img\blocks\Block_5.png">
      <Filter>Файлы ресурсов</Filter>
    </Image>
    <Image Include="img\blocks\Block_4.png">
      <Filter>Файлы ресурсов</Filter>
    </Image>
    <Image Include="img\backgrounds\Background_0.png">
      <Filter>Файлы ресурсов</Filter>
    </Image>
    <Image Include="img\backgrounds\Background_1.png">
      <Filter>Файлы ресурсов</Filter>
    </Image>
    <Image Include="img\backgrounds\Background_2.png">
      <Filter>Файлы ресурсов</Filter>
    </Image>
    <Image Include="img\wraiths\Wraith_dying_0.png">
      <Filter>Файлы ресурсов</Filter>
    </Image>
    <Image Include="img\blocks\Block_1.png">
      <Filter>Файлы ресурсов</Filter>
    </Image>
  </ItemGroup>
</Project>